<?xml version="1.0" encoding="utf-8"?>
<Project ToolsVersion="4.0" xmlns="http://schemas.microsoft.com/developer/msbuild/2003">
  <ItemGroup>
    <Filter Include="Source Files">
      <UniqueIdentifier>{4FC737F1-C7A5-4376-A066-2A32D752A2FF}</UniqueIdentifier>
      <Extensions>cpp;c;cc;cxx;c++;cppm;ixx;def;odl;idl;hpj;bat;asm;asmx</Extensions>
    </Filter>
    <Filter Include="Header Files">
      <UniqueIdentifier>{93995380-89BD-4b04-88EB-625FBE52EBFB}</UniqueIdentifier>
      <Extensions>h;hh;hpp;hxx;h++;hm;inl;inc;ipp;xsd</Extensions>
    </Filter>
    <Filter Include="Resource Files">
      <UniqueIdentifier>{67DA6AB6-F800-4c08-8B7A-83BB121AAD01}</UniqueIdentifier>
      <Extensions>rc;ico;cur;bmp;dlg;rc2;rct;bin;rgs;gif;jpg;jpeg;jpe;resx;tiff;tif;png;wav;mfcribbon-ms</Extensions>
    </Filter>
  </ItemGroup>
  <ItemGroup>
    <Library Include="Dependencies\liblua54.a" />
  </ItemGroup>
  <ItemGroup>
    <ClCompile Include="Source\Main.cpp">
      <Filter>Source Files</Filter>
    </ClCompile>
    <ClCompile Include="Source\stdafx.cpp">
      <Filter>Source Files</Filter>
    </ClCompile>
    <ClCompile Include="Source\PvZ\LawnApp.cpp">
      <Filter>Source Files</Filter>
    </ClCompile>
    <ClCompile Include="Source\Luna.cpp">
      <Filter>Source Files</Filter>
    </ClCompile>
    <ClCompile Include="Source\PvZ\UIRoot.cpp">
      <Filter>Source Files</Filter>
    </ClCompile>
    <ClCompile Include="Source\PvZ\UIElement.cpp">
      <Filter>Source Files</Filter>
    </ClCompile>
    <ClCompile Include="Source\PvZ\Font.cpp">
      <Filter>Source Files</Filter>
    </ClCompile>
    <ClCompile Include="Source\PvZ\DialogButton.cpp">
      <Filter>Source Files</Filter>
    </ClCompile>
    <ClCompile Include="Source\LunaApi\LunaIO\LunaIO.cpp">
      <Filter>Header Files</Filter>
    </ClCompile>
    <ClCompile Include="Source\LunaApi\LunaUtil\LunaUtil.cpp">
      <Filter>Header Files</Filter>
    </ClCompile>
    <ClCompile Include="Source\LunaApi\LunaStructs\LunaStructs.cpp">
      <Filter>Header Files</Filter>
    </ClCompile>
    <ClCompile Include="Source\LunaApi\LunaStructs\Color\Color.cpp">
      <Filter>Header Files</Filter>
    </ClCompile>
    <ClCompile Include="Source\LunaApi\LunaStructs\Pad\Pad.cpp">
      <Filter>Header Files</Filter>
    </ClCompile>
    <ClCompile Include="Source\LunaApi\LunaStructs\Rect\Rect.cpp">
      <Filter>Header Files</Filter>
    </ClCompile>
    <ClCompile Include="Source\LunaApi\LunaStructs\Vector2\Vector2.cpp">
      <Filter>Header Files</Filter>
    </ClCompile>
    <ClCompile Include="Source\LunaApi\LunaStructs\Vector3\Vector3.cpp">
      <Filter>Header Files</Filter>
    </ClCompile>
    <ClCompile Include="Source\LunaApi\LunaEvent\LunaEvent.cpp">
      <Filter>Header Files</Filter>
    </ClCompile>
    <ClCompile Include="Source\LunaApi\LunaClass\LunaClass.cpp">
      <Filter>Header Files</Filter>
    </ClCompile>
    <ClCompile Include="Source\LunaApi\LunaClass\Classes\LawnAppClass.cpp">
      <Filter>Source Files</Filter>
    </ClCompile>
    <ClCompile Include="Source\LunaApi\LunaClass\Classes\SexyAppClass.cpp">
      <Filter>Source Files</Filter>
    </ClCompile>
  </ItemGroup>
  <ItemGroup>
    <ClInclude Include="Source\Include\lauxlib.h">
      <Filter>Header Files</Filter>
    </ClInclude>
    <ClInclude Include="Source\Include\lua.h">
      <Filter>Header Files</Filter>
    </ClInclude>
    <ClInclude Include="Source\Include\lua.hpp">
      <Filter>Header Files</Filter>
    </ClInclude>
    <ClInclude Include="Source\Include\luaconf.h">
      <Filter>Header Files</Filter>
    </ClInclude>
    <ClInclude Include="Source\Include\lualib.h">
      <Filter>Header Files</Filter>
    </ClInclude>
    <ClInclude Include="Source\Enums\Enums.h">
      <Filter>Header Files</Filter>
    </ClInclude>
    <ClInclude Include="Source\Enums\GameModes.h">
      <Filter>Header Files</Filter>
    </ClInclude>
    <ClInclude Include="Source\Enums\GameResult.h">
      <Filter>Header Files</Filter>
    </ClInclude>
    <ClInclude Include="Source\Enums\GameScenes.h">
      <Filter>Header Files</Filter>
    </ClInclude>
    <ClInclude Include="Source\Luna\LunaClass\Classes\Sexy\UIContainer.h">
      <Filter>Header Files</Filter>
    </ClInclude>
    <ClInclude Include="Source\Luna\LunaClass\Classes\Sexy\UIRoot.h">
      <Filter>Header Files</Filter>
    </ClInclude>
    <ClInclude Include="Source\framework.h">
      <Filter>Header Files</Filter>
    </ClInclude>
    <ClInclude Include="Source\stdafx.h">
      <Filter>Header Files</Filter>
    </ClInclude>
    <ClInclude Include="Source\Luna.h">
      <Filter>Header Files</Filter>
    </ClInclude>
    <ClInclude Include="Source\PvZ\LawnApp.h">
      <Filter>Header Files</Filter>
    </ClInclude>
    <ClInclude Include="Source\PvZ\Definitions.h">
      <Filter>Header Files</Filter>
    </ClInclude>
    <ClInclude Include="Source\PvZ\ButtonListener.h">
      <Filter>Header Files</Filter>
    </ClInclude>
    <ClInclude Include="Source\PvZ\DialogButton.h">
      <Filter>Header Files</Filter>
    </ClInclude>
    <ClInclude Include="Source\PvZ\UIButton.h">
      <Filter>Header Files</Filter>
    </ClInclude>
    <ClInclude Include="Source\PvZ\Resources.h">
      <Filter>Header Files</Filter>
    </ClInclude>
    <ClInclude Include="Source\PvZ\UIRoot.h">
      <Filter>Header Files</Filter>
    </ClInclude>
    <ClInclude Include="Source\PvZ\UIElement.h">
      <Filter>Header Files</Filter>
    </ClInclude>
    <ClInclude Include="Source\PvZ\Font.h">
      <Filter>Header Files</Filter>
    </ClInclude>
    <ClInclude Include="Source\PvZ\Graphics.h">
      <Filter>Header Files</Filter>
    </ClInclude>
    <ClInclude Include="Source\PvZ\PreModalInfo.h">
      <Filter>Header Files</Filter>
    </ClInclude>
    <ClInclude Include="Source\LunaApi\LunaIO\LunaIO.h">
      <Filter>Header Files</Filter>
    </ClInclude>
    <ClInclude Include="Source\LunaApi\LunaUtil\LunaUtil.h">
      <Filter>Header Files</Filter>
    </ClInclude>
    <ClInclude Include="Source\LunaApi\LunaStructs\LunaStructs.h">
      <Filter>Header Files</Filter>
    </ClInclude>
    <ClInclude Include="Source\LunaApi\LunaStructs\Color\Color.h">
      <Filter>Header Files</Filter>
    </ClInclude>
    <ClInclude Include="Source\LunaApi\LunaStructs\Pad\Pad.h">
      <Filter>Header Files</Filter>
    </ClInclude>
    <ClInclude Include="Source\LunaApi\LunaStructs\Rect\Rect.h">
      <Filter>Header Files</Filter>
    </ClInclude>
    <ClInclude Include="Source\LunaApi\LunaStructs\Vector2\Vector2.h">
      <Filter>Header Files</Filter>
    </ClInclude>
    <ClInclude Include="Source\LunaApi\LunaStructs\Vector3\Vector3.h">
      <Filter>Header Files</Filter>
    </ClInclude>
    <ClInclude Include="Source\LunaApi\LunaEvent\LunaEvent.h">
      <Filter>Header Files</Filter>
    </ClInclude>
    <ClInclude Include="Source\LunaApi\LunaClass\Classes\LawnAppClass.h">
      <Filter>Header Files</Filter>
    </ClInclude>
    <ClInclude Include="Source\LunaApi\LunaClass\Classes\SexyAppClass.h">
      <Filter>Header Files</Filter>
    </ClInclude>
    <ClInclude Include="Source\LunaApi\LunaClass\LunaClass.h">
      <Filter>Header Files</Filter>
    </ClInclude>
  </ItemGroup>
</Project>