<?xml version="1.0" encoding="utf-8"?>
<Project ToolsVersion="4.0" xmlns="http://schemas.microsoft.com/developer/msbuild/2003">
  <ItemGroup>
    <Filter Include="Source Files">
      <UniqueIdentifier>{4FC737F1-C7A5-4376-A066-2A32D752A2FF}</UniqueIdentifier>
      <Extensions>cpp;c;cc;cxx;c++;cppm;ixx;def;odl;idl;hpj;bat;asm;asmx</Extensions>
    </Filter>
    <Filter Include="Header Files">
      <UniqueIdentifier>{93995380-89BD-4b04-88EB-625FBE52EBFB}</UniqueIdentifier>
      <Extensions>h;hh;hpp;hxx;h++;hm;inl;inc;ipp;xsd</Extensions>
    </Filter>
    <Filter Include="Resource Files">
      <UniqueIdentifier>{67DA6AB6-F800-4c08-8B7A-83BB121AAD01}</UniqueIdentifier>
      <Extensions>rc;ico;cur;bmp;dlg;rc2;rct;bin;rgs;gif;jpg;jpeg;jpe;resx;tiff;tif;png;wav;mfcribbon-ms</Extensions>
    </Filter>
  </ItemGroup>
  <ItemGroup>
    <Library Include="Dependencies\liblua54.a" />
  </ItemGroup>
  <ItemGroup>
    <ClCompile Include="Source\Main.cpp">
      <Filter>Source Files</Filter>
    </ClCompile>
  </ItemGroup>
  <ItemGroup>
    <ClInclude Include="Source\Include\lauxlib.h">
      <Filter>Header Files</Filter>
    </ClInclude>
    <ClInclude Include="Source\Include\lua.h">
      <Filter>Header Files</Filter>
    </ClInclude>
    <ClInclude Include="Source\Include\lua.hpp">
      <Filter>Header Files</Filter>
    </ClInclude>
    <ClInclude Include="Source\Include\luaconf.h">
      <Filter>Header Files</Filter>
    </ClInclude>
    <ClInclude Include="Source\Include\lualib.h">
      <Filter>Header Files</Filter>
    </ClInclude>
    <ClInclude Include="Source\Enums\Enums.h">
      <Filter>Header Files</Filter>
    </ClInclude>
    <ClInclude Include="Source\Enums\GameModes.h">
      <Filter>Header Files</Filter>
    </ClInclude>
    <ClInclude Include="Source\Enums\GameResult.h">
      <Filter>Header Files</Filter>
    </ClInclude>
    <ClInclude Include="Source\Enums\GameScenes.h">
      <Filter>Header Files</Filter>
    </ClInclude>
    <ClInclude Include="Source\Luna\Luna.h">
      <Filter>Header Files</Filter>
    </ClInclude>
    <ClInclude Include="Source\Luna\LunaIO\LunaIO.h">
      <Filter>Header Files</Filter>
    </ClInclude>
    <ClInclude Include="Source\Luna\LunaIO\IOFunc.h">
      <Filter>Header Files</Filter>
    </ClInclude>
    <ClInclude Include="Source\Luna\LunaUtil\LunaUtil.h">
      <Filter>Header Files</Filter>
    </ClInclude>
    <ClInclude Include="Source\Luna\LunaUtil\UtilFunc.h">
      <Filter>Header Files</Filter>
    </ClInclude>
    <ClInclude Include="Source\Luna\LunaStructs\Vector2\Vector2.h">
      <Filter>Header Files</Filter>
    </ClInclude>
    <ClInclude Include="Source\Luna\LunaStructs\LunaStructs.h">
      <Filter>Header Files</Filter>
    </ClInclude>
    <ClInclude Include="Source\Luna\LunaStructs\StructsFunc.h">
      <Filter>Header Files</Filter>
    </ClInclude>
    <ClInclude Include="Source\Luna\LunaStructs\Vector2\Vector2Func.h">
      <Filter>Header Files</Filter>
    </ClInclude>
    <ClInclude Include="Source\Luna\LunaStructs\Vector3\Vector3.h">
      <Filter>Header Files</Filter>
    </ClInclude>
    <ClInclude Include="Source\Luna\LunaStructs\Vector3\Vector3Func.h">
      <Filter>Header Files</Filter>
    </ClInclude>
    <ClInclude Include="Source\Luna\LunaStructs\Rect\Rect.h">
      <Filter>Header Files</Filter>
    </ClInclude>
    <ClInclude Include="Source\Luna\LunaStructs\Rect\RectFunc.h">
      <Filter>Header Files</Filter>
    </ClInclude>
    <ClInclude Include="Source\Luna\LunaStructs\Pad\Pad.h">
      <Filter>Header Files</Filter>
    </ClInclude>
    <ClInclude Include="Source\Luna\LunaStructs\Pad\PadFunc.h">
      <Filter>Header Files</Filter>
    </ClInclude>
    <ClInclude Include="Source\Luna\LunaClass\ClassFunc.h">
      <Filter>Header Files</Filter>
    </ClInclude>
    <ClInclude Include="Source\Luna\LunaClass\LunaClass.h">
      <Filter>Header Files</Filter>
    </ClInclude>
    <ClInclude Include="Source\Luna\LunaStructs\Color\Color.h">
      <Filter>Header Files</Filter>
    </ClInclude>
    <ClInclude Include="Source\Luna\LunaStructs\Color\ColorFunc.h">
      <Filter>Header Files</Filter>
    </ClInclude>
    <ClInclude Include="Source\Luna\LunaClass\Classes\LawnApp.h">
      <Filter>Header Files</Filter>
    </ClInclude>
    <ClInclude Include="Source\Luna\LunaEvent\LunaEvent.h">
      <Filter>Header Files</Filter>
    </ClInclude>
    <ClInclude Include="Source\Luna\LunaEvent\EventFunc.h">
      <Filter>Header Files</Filter>
    </ClInclude>
    <ClInclude Include="Source\Luna\LunaClass\Classes\Sexy\UIContainer.h">
      <Filter>Header Files</Filter>
    </ClInclude>
    <ClInclude Include="Source\Luna\LunaClass\Classes\Sexy\UIRoot.h">
      <Filter>Header Files</Filter>
    </ClInclude>
    <ClInclude Include="Source\PvZUtil\Definitions.h">
      <Filter>Header Files</Filter>
    </ClInclude>
    <ClInclude Include="Source\PvZUtil\Main.hpp">
      <Filter>Header Files</Filter>
    </ClInclude>
    <ClInclude Include="Source\PvZUtil\LawnApp.h">
      <Filter>Header Files</Filter>
    </ClInclude>
    <ClInclude Include="Source\PvZUtil\ButtonListener.h">
      <Filter>Header Files</Filter>
    </ClInclude>
    <ClInclude Include="Source\PvZUtil\UIElement.h">
      <Filter>Header Files</Filter>
    </ClInclude>
    <ClInclude Include="Source\PvZUtil\UIRoot.h">
      <Filter>Header Files</Filter>
    </ClInclude>
    <ClInclude Include="Source\PvZUtil\UIButton.h">
      <Filter>Header Files</Filter>
    </ClInclude>
    <ClInclude Include="Source\PvZUtil\DialogButton.h">
      <Filter>Header Files</Filter>
    </ClInclude>
    <ClInclude Include="Source\PvZUtil\PreModalInfo.h">
      <Filter>Header Files</Filter>
    </ClInclude>
    <ClInclude Include="Source\PvZUtil\Graphics.h">
      <Filter>Header Files</Filter>
    </ClInclude>
    <ClInclude Include="Source\PvZUtil\Font.h">
      <Filter>Header Files</Filter>
    </ClInclude>
    <ClInclude Include="Source\PvZUtil\Resources.h">
      <Filter>Header Files</Filter>
    </ClInclude>
    <ClInclude Include="Source\Luna\LunaClass\Classes\SexyApp.h">
      <Filter>Header Files</Filter>
    </ClInclude>
  </ItemGroup>
</Project>