<?xml version="1.0" encoding="utf-8"?>
<Project ToolsVersion="4.0" xmlns="http://schemas.microsoft.com/developer/msbuild/2003">
  <ItemGroup>
    <Filter Include="Source Files">
      <UniqueIdentifier>{4FC737F1-C7A5-4376-A066-2A32D752A2FF}</UniqueIdentifier>
      <Extensions>cpp;c;cc;cxx;c++;cppm;ixx;def;odl;idl;hpj;bat;asm;asmx</Extensions>
    </Filter>
    <Filter Include="Header Files">
      <UniqueIdentifier>{93995380-89BD-4b04-88EB-625FBE52EBFB}</UniqueIdentifier>
      <Extensions>h;hh;hpp;hxx;h++;hm;inl;inc;ipp;xsd</Extensions>
    </Filter>
    <Filter Include="Resource Files">
      <UniqueIdentifier>{67DA6AB6-F800-4c08-8B7A-83BB121AAD01}</UniqueIdentifier>
      <Extensions>rc;ico;cur;bmp;dlg;rc2;rct;bin;rgs;gif;jpg;jpeg;jpe;resx;tiff;tif;png;wav;mfcribbon-ms</Extensions>
    </Filter>
  </ItemGroup>
  <ItemGroup>
    <Library Include="Dependencies\liblua54.a" />
  </ItemGroup>
  <ItemGroup>
    <ClCompile Include="Source\Main.cpp">
      <Filter>Source Files</Filter>
    </ClCompile>
    <ClCompile Include="Build\src\bcl\bcltest.c">
      <Filter>Source Files</Filter>
    </ClCompile>
    <ClCompile Include="Build\src\bcl\bfc.c">
      <Filter>Source Files</Filter>
    </ClCompile>
    <ClCompile Include="Build\src\bcl\huffman.c">
      <Filter>Source Files</Filter>
    </ClCompile>
    <ClCompile Include="Build\src\bcl\lz.c">
      <Filter>Source Files</Filter>
    </ClCompile>
    <ClCompile Include="Build\src\bcl\rice.c">
      <Filter>Source Files</Filter>
    </ClCompile>
    <ClCompile Include="Build\src\bcl\rle.c">
      <Filter>Source Files</Filter>
    </ClCompile>
    <ClCompile Include="Build\src\bcl\shannonfano.c">
      <Filter>Source Files</Filter>
    </ClCompile>
    <ClCompile Include="Build\src\bcl\systimer.c">
      <Filter>Source Files</Filter>
    </ClCompile>
    <ClCompile Include="Build\src\compression\ashford.c">
      <Filter>Source Files</Filter>
    </ClCompile>
    <ClCompile Include="Build\src\compression\asura_huffboh.c">
      <Filter>Source Files</Filter>
    </ClCompile>
    <ClCompile Include="Build\src\compression\blast.c">
      <Filter>Source Files</Filter>
    </ClCompile>
    <ClCompile Include="Build\src\compression\bpd.c">
      <Filter>Source Files</Filter>
    </ClCompile>
    <ClCompile Include="Build\src\compression\bpe2.c">
      <Filter>Source Files</Filter>
    </ClCompile>
    <ClCompile Include="Build\src\compression\d3101.c">
      <Filter>Source Files</Filter>
    </ClCompile>
    <ClCompile Include="Build\src\compression\de_lzah.c">
      <Filter>Source Files</Filter>
    </ClCompile>
    <ClCompile Include="Build\src\compression\de_lzh.c">
      <Filter>Source Files</Filter>
    </ClCompile>
    <ClCompile Include="Build\src\compression\depack.c">
      <Filter>Source Files</Filter>
    </ClCompile>
    <ClCompile Include="Build\src\compression\depacks.c">
      <Filter>Source Files</Filter>
    </ClCompile>
    <ClCompile Include="Build\src\compression\dmc2.c">
      <Filter>Source Files</Filter>
    </ClCompile>
    <ClCompile Include="Build\src\compression\doomhuff.c">
      <Filter>Source Files</Filter>
    </ClCompile>
    <ClCompile Include="Build\src\compression\hstest.c">
      <Filter>Source Files</Filter>
    </ClCompile>
    <ClCompile Include="Build\src\compression\huffmanlib.c">
      <Filter>Source Files</Filter>
    </ClCompile>
    <ClCompile Include="Build\src\compression\libLZR.c">
      <Filter>Source Files</Filter>
    </ClCompile>
    <ClCompile Include="Build\src\compression\lzari.c">
      <Filter>Source Files</Filter>
    </ClCompile>
    <ClCompile Include="Build\src\compression\lzf_d.c">
      <Filter>Source Files</Filter>
    </ClCompile>
    <ClCompile Include="Build\src\compression\lzhuf.c">
      <Filter>Source Files</Filter>
    </ClCompile>
    <ClCompile Include="Build\src\compression\lzhxlib.c">
      <Filter>Source Files</Filter>
    </ClCompile>
    <ClCompile Include="Build\src\compression\lzrw3-a.c">
      <Filter>Source Files</Filter>
    </ClCompile>
    <ClCompile Include="Build\src\compression\lzxd.c">
      <Filter>Source Files</Filter>
    </ClCompile>
    <ClCompile Include="Build\src\compression\mppc.c">
      <Filter>Source Files</Filter>
    </ClCompile>
    <ClCompile Include="Build\src\compression\puyo.c">
      <Filter>Source Files</Filter>
    </ClCompile>
    <ClCompile Include="Build\src\compression\quicklz.c">
      <Filter>Source Files</Filter>
    </ClCompile>
    <ClCompile Include="Build\src\compression\scexpand.c">
      <Filter>Source Files</Filter>
    </ClCompile>
    <ClCompile Include="Build\src\compression\scz_core.c">
      <Filter>Source Files</Filter>
    </ClCompile>
    <ClCompile Include="Build\src\compression\scz_decompress_lib.c">
      <Filter>Source Files</Filter>
    </ClCompile>
    <ClCompile Include="Build\src\compression\sflcomp.c">
      <Filter>Source Files</Filter>
    </ClCompile>
    <ClCompile Include="Build\src\compression\shc.c">
      <Filter>Source Files</Filter>
    </ClCompile>
    <ClCompile Include="Build\src\compression\shclib.c">
      <Filter>Source Files</Filter>
    </ClCompile>
    <ClCompile Include="Build\src\compression\sixpack.c">
      <Filter>Source Files</Filter>
    </ClCompile>
    <ClCompile Include="Build\src\compression\sr3c.c">
      <Filter>Source Files</Filter>
    </ClCompile>
    <ClCompile Include="Build\src\compression\srank.c">
      <Filter>Source Files</Filter>
    </ClCompile>
    <ClCompile Include="Build\src\compression\unbalz.cpp">
      <Filter>Source Files</Filter>
    </ClCompile>
    <ClCompile Include="Build\src\compression\uncompress.c">
      <Filter>Source Files</Filter>
    </ClCompile>
    <ClCompile Include="Build\src\compression\undmc.c">
      <Filter>Source Files</Filter>
    </ClCompile>
    <ClCompile Include="Build\src\compression\unjam.c">
      <Filter>Source Files</Filter>
    </ClCompile>
    <ClCompile Include="Build\src\compression\unlzw.c">
      <Filter>Source Files</Filter>
    </ClCompile>
    <ClCompile Include="Build\src\compression\unlzwx.c">
      <Filter>Source Files</Filter>
    </ClCompile>
    <ClCompile Include="Build\src\compression\unlzx.c">
      <Filter>Source Files</Filter>
    </ClCompile>
    <ClCompile Include="Build\src\compression\unmslzx.c">
      <Filter>Source Files</Filter>
    </ClCompile>
    <ClCompile Include="Build\src\compression\unpaq6v2.cpp">
      <Filter>Source Files</Filter>
    </ClCompile>
    <ClCompile Include="Build\src\compression\unq3huff.c">
      <Filter>Source Files</Filter>
    </ClCompile>
    <ClCompile Include="Build\src\compression\unquad.cpp">
      <Filter>Source Files</Filter>
    </ClCompile>
    <ClCompile Include="Build\src\compression\unshrink.c">
      <Filter>Source Files</Filter>
    </ClCompile>
    <ClCompile Include="Build\src\compression\unthandor.c">
      <Filter>Source Files</Filter>
    </ClCompile>
    <ClCompile Include="Build\src\compression\usq.c">
      <Filter>Source Files</Filter>
    </ClCompile>
    <ClCompile Include="Build\src\compression\yuke_bpe.c">
      <Filter>Source Files</Filter>
    </ClCompile>
    <ClCompile Include="Build\src\encryption\ice.c">
      <Filter>Source Files</Filter>
    </ClCompile>
    <ClCompile Include="Build\src\encryption\rotor.c">
      <Filter>Source Files</Filter>
    </ClCompile>
    <ClCompile Include="Build\src\encryption\seed.c">
      <Filter>Source Files</Filter>
    </ClCompile>
    <ClCompile Include="Build\src\encryption\serpent.c">
      <Filter>Source Files</Filter>
    </ClCompile>
    <ClCompile Include="Build\src\encryption\tea.c">
      <Filter>Source Files</Filter>
    </ClCompile>
    <ClCompile Include="Build\src\encryption\twofish.c">
      <Filter>Source Files</Filter>
    </ClCompile>
    <ClCompile Include="Build\src\encryption\xtea.c">
      <Filter>Source Files</Filter>
    </ClCompile>
    <ClCompile Include="Build\src\encryption\xxtea.c">
      <Filter>Source Files</Filter>
    </ClCompile>
    <ClCompile Include="Build\src\extra\MemoryModule.c">
      <Filter>Source Files</Filter>
    </ClCompile>
    <ClCompile Include="Build\src\lzhl\Huff.cpp">
      <Filter>Source Files</Filter>
    </ClCompile>
    <ClCompile Include="Build\src\lzhl\Lz.cpp">
      <Filter>Source Files</Filter>
    </ClCompile>
    <ClCompile Include="Build\src\lzhl\Lzhl.cpp">
      <Filter>Source Files</Filter>
    </ClCompile>
    <ClCompile Include="Build\src\lzhl\Lzhl_tcp.cpp">
      <Filter>Source Files</Filter>
    </ClCompile>
    <ClCompile Include="Build\src\lzhl\Test.c">
      <Filter>Source Files</Filter>
    </ClCompile>
    <ClCompile Include="Build\src\lzma\Bra86.c">
      <Filter>Source Files</Filter>
    </ClCompile>
    <ClCompile Include="Build\src\lzma\Lzma2Dec.c">
      <Filter>Source Files</Filter>
    </ClCompile>
    <ClCompile Include="Build\src\lzma\LzmaDec.c">
      <Filter>Source Files</Filter>
    </ClCompile>
    <ClCompile Include="Build\src\ppmd\unppmdg.cpp">
      <Filter>Source Files</Filter>
    </ClCompile>
    <ClCompile Include="Build\src\ppmd\unppmdi1.cpp">
      <Filter>Source Files</Filter>
    </ClCompile>
    <ClCompile Include="Build\src\ppmd\unppmdj1.cpp">
      <Filter>Source Files</Filter>
    </ClCompile>
    <ClCompile Include="Build\src\szip\encoding.c">
      <Filter>Source Files</Filter>
    </ClCompile>
    <ClCompile Include="Build\src\szip\rice.c">
      <Filter>Source Files</Filter>
    </ClCompile>
    <ClCompile Include="Build\src\szip\sz_api.c">
      <Filter>Source Files</Filter>
    </ClCompile>
    <ClCompile Include="Build\src\tdcb\ahuff.c">
      <Filter>Source Files</Filter>
    </ClCompile>
    <ClCompile Include="Build\src\tdcb\arith.c">
      <Filter>Source Files</Filter>
    </ClCompile>
    <ClCompile Include="Build\src\tdcb\arith1.c">
      <Filter>Source Files</Filter>
    </ClCompile>
    <ClCompile Include="Build\src\tdcb\arith1e.c">
      <Filter>Source Files</Filter>
    </ClCompile>
    <ClCompile Include="Build\src\tdcb\arith-n.c">
      <Filter>Source Files</Filter>
    </ClCompile>
    <ClCompile Include="Build\src\tdcb\compand.c">
      <Filter>Source Files</Filter>
    </ClCompile>
    <ClCompile Include="Build\src\tdcb\huff.c">
      <Filter>Source Files</Filter>
    </ClCompile>
    <ClCompile Include="Build\src\tdcb\lzss.c">
      <Filter>Source Files</Filter>
    </ClCompile>
    <ClCompile Include="Build\src\tdcb\lzw12.c">
      <Filter>Source Files</Filter>
    </ClCompile>
    <ClCompile Include="Build\src\tdcb\lzw15v.c">
      <Filter>Source Files</Filter>
    </ClCompile>
    <ClCompile Include="Build\src\tdcb\mn_incs.c">
      <Filter>Source Files</Filter>
    </ClCompile>
    <ClCompile Include="Build\src\tdcb\silence.c">
      <Filter>Source Files</Filter>
    </ClCompile>
    <ClCompile Include="Build\src\zziplib\block.c">
      <Filter>Source Files</Filter>
    </ClCompile>
    <ClCompile Include="Build\src\zziplib\bwt.c">
      <Filter>Source Files</Filter>
    </ClCompile>
    <ClCompile Include="Build\src\zziplib\coding.c">
      <Filter>Source Files</Filter>
    </ClCompile>
    <ClCompile Include="Build\src\zziplib\make_h.c">
      <Filter>Source Files</Filter>
    </ClCompile>
    <ClCompile Include="Build\src\zziplib\struct_model0.c">
      <Filter>Source Files</Filter>
    </ClCompile>
    <ClCompile Include="Build\src\zziplib\struct_model1.c">
      <Filter>Source Files</Filter>
    </ClCompile>
    <ClCompile Include="Build\src\zziplib\zzip.c">
      <Filter>Source Files</Filter>
    </ClCompile>
    <ClCompile Include="Build\src\zziplib\zzip-sfx.c">
      <Filter>Source Files</Filter>
    </ClCompile>
    <ClCompile Include="Build\src\quickbms.c">
      <Filter>Source Files</Filter>
    </ClCompile>
    <ClCompile Include="Build\src\stristr.c">
      <Filter>Source Files</Filter>
    </ClCompile>
  </ItemGroup>
  <ItemGroup>
    <ClInclude Include="Source\Include\lauxlib.h">
      <Filter>Header Files</Filter>
    </ClInclude>
    <ClInclude Include="Source\Include\lua.h">
      <Filter>Header Files</Filter>
    </ClInclude>
    <ClInclude Include="Source\Include\lua.hpp">
      <Filter>Header Files</Filter>
    </ClInclude>
    <ClInclude Include="Source\Include\luaconf.h">
      <Filter>Header Files</Filter>
    </ClInclude>
    <ClInclude Include="Source\Include\lualib.h">
      <Filter>Header Files</Filter>
    </ClInclude>
    <ClInclude Include="Source\Enums\Enums.h">
      <Filter>Header Files</Filter>
    </ClInclude>
    <ClInclude Include="Source\Enums\GameModes.h">
      <Filter>Header Files</Filter>
    </ClInclude>
    <ClInclude Include="Source\Enums\GameResult.h">
      <Filter>Header Files</Filter>
    </ClInclude>
    <ClInclude Include="Source\Enums\GameScenes.h">
      <Filter>Header Files</Filter>
    </ClInclude>
    <ClInclude Include="Source\Classes\ForwardDefinitions.h">
      <Filter>Header Files</Filter>
    </ClInclude>
    <ClInclude Include="Source\Classes\Definitions.h">
      <Filter>Header Files</Filter>
    </ClInclude>
    <ClInclude Include="Source\Classes\Functions.h">
      <Filter>Header Files</Filter>
    </ClInclude>
    <ClInclude Include="Source\Luna\Luna.h">
      <Filter>Header Files</Filter>
    </ClInclude>
    <ClInclude Include="Source\Luna\LunaIO\LunaIO.h">
      <Filter>Header Files</Filter>
    </ClInclude>
    <ClInclude Include="Source\Luna\LunaIO\IOFunc.h">
      <Filter>Header Files</Filter>
    </ClInclude>
    <ClInclude Include="Source\Luna\LunaUtil\LunaUtil.h">
      <Filter>Header Files</Filter>
    </ClInclude>
    <ClInclude Include="Source\Luna\LunaUtil\UtilFunc.h">
      <Filter>Header Files</Filter>
    </ClInclude>
    <ClInclude Include="Source\Luna\LunaStructs\Vector2\Vector2.h">
      <Filter>Header Files</Filter>
    </ClInclude>
    <ClInclude Include="Source\Luna\LunaStructs\LunaStructs.h">
      <Filter>Header Files</Filter>
    </ClInclude>
    <ClInclude Include="Source\Luna\LunaStructs\StructsFunc.h">
      <Filter>Header Files</Filter>
    </ClInclude>
    <ClInclude Include="Source\Luna\LunaStructs\Vector2\Vector2Func.h">
      <Filter>Header Files</Filter>
    </ClInclude>
    <ClInclude Include="Source\Luna\LunaStructs\Vector3\Vector3.h">
      <Filter>Header Files</Filter>
    </ClInclude>
    <ClInclude Include="Source\Luna\LunaStructs\Vector3\Vector3Func.h">
      <Filter>Header Files</Filter>
    </ClInclude>
    <ClInclude Include="Source\Luna\LunaStructs\Rect\Rect.h">
      <Filter>Header Files</Filter>
    </ClInclude>
    <ClInclude Include="Source\Luna\LunaStructs\Rect\RectFunc.h">
      <Filter>Header Files</Filter>
    </ClInclude>
    <ClInclude Include="Source\Luna\LunaStructs\Pad\Pad.h">
      <Filter>Header Files</Filter>
    </ClInclude>
    <ClInclude Include="Source\Luna\LunaStructs\Pad\PadFunc.h">
      <Filter>Header Files</Filter>
    </ClInclude>
    <ClInclude Include="Source\Classes\LawnApp\LawnApp.h">
      <Filter>Header Files</Filter>
    </ClInclude>
    <ClInclude Include="Source\Luna\LunaClass\ClassFunc.h">
      <Filter>Header Files</Filter>
    </ClInclude>
    <ClInclude Include="Source\Luna\LunaClass\LunaClass.h">
      <Filter>Header Files</Filter>
    </ClInclude>
    <ClInclude Include="Source\Luna\LunaStructs\Color\Color.h">
      <Filter>Header Files</Filter>
    </ClInclude>
    <ClInclude Include="Source\Luna\LunaStructs\Color\ColorFunc.h">
      <Filter>Header Files</Filter>
    </ClInclude>
    <ClInclude Include="Source\Luna\LunaClass\Classes\LawnApp.h">
      <Filter>Header Files</Filter>
    </ClInclude>
    <ClInclude Include="Source\Luna\LunaEvent\LunaEvent.h">
      <Filter>Header Files</Filter>
    </ClInclude>
    <ClInclude Include="Source\Luna\LunaEvent\EventFunc.h">
      <Filter>Header Files</Filter>
    </ClInclude>
    <ClInclude Include="Source\Luna\LunaClass\Classes\Sexy\UIContainer.h">
      <Filter>Header Files</Filter>
    </ClInclude>
    <ClInclude Include="Source\Classes\Sexy\UIElement\UIElement.h">
      <Filter>Header Files</Filter>
    </ClInclude>
    <ClInclude Include="Source\Classes\Sexy\UIRoot\UIRoot.h">
      <Filter>Header Files</Filter>
    </ClInclude>
    <ClInclude Include="Source\Classes\Sexy\UIButton\UIButton.h">
      <Filter>Header Files</Filter>
    </ClInclude>
    <ClInclude Include="Source\Luna\LunaClass\Classes\Sexy\UIRoot.h">
      <Filter>Header Files</Filter>
    </ClInclude>
    <ClInclude Include="Source\Classes\Sexy\UIElement\UIElementFunc.h">
      <Filter>Header Files</Filter>
    </ClInclude>
    <ClInclude Include="Source\PvZUtil\Definitions.h">
      <Filter>Header Files</Filter>
    </ClInclude>
    <ClInclude Include="Source\PvZUtil\Main.hpp">
      <Filter>Header Files</Filter>
    </ClInclude>
    <ClInclude Include="Source\PvZUtil\LawnApp.h">
      <Filter>Header Files</Filter>
    </ClInclude>
    <ClInclude Include="Source\PvZUtil\ButtonListener.h">
      <Filter>Header Files</Filter>
    </ClInclude>
    <ClInclude Include="Source\PvZUtil\UIElement.h">
      <Filter>Header Files</Filter>
    </ClInclude>
    <ClInclude Include="Source\PvZUtil\UIRoot.h">
      <Filter>Header Files</Filter>
    </ClInclude>
    <ClInclude Include="Source\PvZUtil\UIButton.h">
      <Filter>Header Files</Filter>
    </ClInclude>
    <ClInclude Include="Source\PvZUtil\DialogButton.h">
      <Filter>Header Files</Filter>
    </ClInclude>
    <ClInclude Include="Source\PvZUtil\PreModalInfo.h">
      <Filter>Header Files</Filter>
    </ClInclude>
    <ClInclude Include="Source\PvZUtil\Graphics.h">
      <Filter>Header Files</Filter>
    </ClInclude>
    <ClInclude Include="Source\PvZUtil\Font.h">
      <Filter>Header Files</Filter>
    </ClInclude>
    <ClInclude Include="Build\src\bcl\huffman.h">
      <Filter>Header Files</Filter>
    </ClInclude>
    <ClInclude Include="Build\src\bcl\lz.h">
      <Filter>Header Files</Filter>
    </ClInclude>
    <ClInclude Include="Build\src\bcl\rice.h">
      <Filter>Header Files</Filter>
    </ClInclude>
    <ClInclude Include="Build\src\bcl\rle.h">
      <Filter>Header Files</Filter>
    </ClInclude>
    <ClInclude Include="Build\src\bcl\shannonfano.h">
      <Filter>Header Files</Filter>
    </ClInclude>
    <ClInclude Include="Build\src\bcl\systimer.h">
      <Filter>Header Files</Filter>
    </ClInclude>
    <ClInclude Include="Build\src\compression\blast.h">
      <Filter>Header Files</Filter>
    </ClInclude>
    <ClInclude Include="Build\src\compression\brieflz.h">
      <Filter>Header Files</Filter>
    </ClInclude>
    <ClInclude Include="Build\src\compression\depacks.h">
      <Filter>Header Files</Filter>
    </ClInclude>
    <ClInclude Include="Build\src\compression\hufffreq.h">
      <Filter>Header Files</Filter>
    </ClInclude>
    <ClInclude Include="Build\src\compression\ilzr.h">
      <Filter>Header Files</Filter>
    </ClInclude>
    <ClInclude Include="Build\src\compression\infback9.h">
      <Filter>Header Files</Filter>
    </ClInclude>
    <ClInclude Include="Build\src\compression\libLZR.h">
      <Filter>Header Files</Filter>
    </ClInclude>
    <ClInclude Include="Build\src\compression\lzfP.h">
      <Filter>Header Files</Filter>
    </ClInclude>
    <ClInclude Include="Build\src\compression\lzh.h">
      <Filter>Header Files</Filter>
    </ClInclude>
    <ClInclude Include="Build\src\compression\lzss.h">
      <Filter>Header Files</Filter>
    </ClInclude>
    <ClInclude Include="Build\src\compression\lzx.h">
      <Filter>Header Files</Filter>
    </ClInclude>
    <ClInclude Include="Build\src\compression\mn_incs.h">
      <Filter>Header Files</Filter>
    </ClInclude>
    <ClInclude Include="Build\src\compression\mspack.h">
      <Filter>Header Files</Filter>
    </ClInclude>
    <ClInclude Include="Build\src\compression\nintendo.h">
      <Filter>Header Files</Filter>
    </ClInclude>
    <ClInclude Include="Build\src\compression\prelude.h">
      <Filter>Header Files</Filter>
    </ClInclude>
    <ClInclude Include="Build\src\compression\quicklz.h">
      <Filter>Header Files</Filter>
    </ClInclude>
    <ClInclude Include="Build\src\compression\rdc.h">
      <Filter>Header Files</Filter>
    </ClInclude>
    <ClInclude Include="Build\src\compression\sflcomp.h">
      <Filter>Header Files</Filter>
    </ClInclude>
    <ClInclude Include="Build\src\compression\shc.h">
      <Filter>Header Files</Filter>
    </ClInclude>
    <ClInclude Include="Build\src\compression\sr3c.h">
      <Filter>Header Files</Filter>
    </ClInclude>
    <ClInclude Include="Build\src\compression\stalker_lza.h">
      <Filter>Header Files</Filter>
    </ClInclude>
    <ClInclude Include="Build\src\compression\system.h">
      <Filter>Header Files</Filter>
    </ClInclude>
    <ClInclude Include="Build\src\compression\tzar_lzss.h">
      <Filter>Header Files</Filter>
    </ClInclude>
    <ClInclude Include="Build\src\compression\un49g.h">
      <Filter>Header Files</Filter>
    </ClInclude>
    <ClInclude Include="Build\src\compression\un434a.h">
      <Filter>Header Files</Filter>
    </ClInclude>
    <ClInclude Include="Build\src\compression\undarksector.h">
      <Filter>Header Files</Filter>
    </ClInclude>
    <ClInclude Include="Build\src\compression\undk2.h">
      <Filter>Header Files</Filter>
    </ClInclude>
    <ClInclude Include="Build\src\compression\unlz2k.h">
      <Filter>Header Files</Filter>
    </ClInclude>
    <ClInclude Include="Build\src\compression\unmeng.h">
      <Filter>Header Files</Filter>
    </ClInclude>
    <ClInclude Include="Build\src\compression\unrlew.h">
      <Filter>Header Files</Filter>
    </ClInclude>
    <ClInclude Include="Build\src\encryption\ice.h">
      <Filter>Header Files</Filter>
    </ClInclude>
    <ClInclude Include="Build\src\encryption\leverage_ssc.h">
      <Filter>Header Files</Filter>
    </ClInclude>
    <ClInclude Include="Build\src\encryption\seed.h">
      <Filter>Header Files</Filter>
    </ClInclude>
    <ClInclude Include="Build\src\encryption\serpent.h">
      <Filter>Header Files</Filter>
    </ClInclude>
    <ClInclude Include="Build\src\encryption\tea.h">
      <Filter>Header Files</Filter>
    </ClInclude>
    <ClInclude Include="Build\src\encryption\twofish.h">
      <Filter>Header Files</Filter>
    </ClInclude>
    <ClInclude Include="Build\src\encryption\xtea.h">
      <Filter>Header Files</Filter>
    </ClInclude>
    <ClInclude Include="Build\src\encryption\xxtea.h">
      <Filter>Header Files</Filter>
    </ClInclude>
    <ClInclude Include="Build\src\extra\MemoryModule.h">
      <Filter>Header Files</Filter>
    </ClInclude>
    <ClInclude Include="Build\src\lzhl\_huff.h">
      <Filter>Header Files</Filter>
    </ClInclude>
    <ClInclude Include="Build\src\lzhl\_lz.h">
      <Filter>Header Files</Filter>
    </ClInclude>
    <ClInclude Include="Build\src\lzhl\_lzhl.h">
      <Filter>Header Files</Filter>
    </ClInclude>
    <ClInclude Include="Build\src\lzhl\lzhl.h">
      <Filter>Header Files</Filter>
    </ClInclude>
    <ClInclude Include="Build\src\lzhl\Lzhl_tcp.h">
      <Filter>Header Files</Filter>
    </ClInclude>
    <ClInclude Include="Build\src\lzma\Bra.h">
      <Filter>Header Files</Filter>
    </ClInclude>
    <ClInclude Include="Build\src\lzma\Lzma2Dec.h">
      <Filter>Header Files</Filter>
    </ClInclude>
    <ClInclude Include="Build\src\lzma\LzmaDec.h">
      <Filter>Header Files</Filter>
    </ClInclude>
    <ClInclude Include="Build\src\lzma\Types.h">
      <Filter>Header Files</Filter>
    </ClInclude>
    <ClInclude Include="Build\src\ppmd\unppmdg_internal.h">
      <Filter>Header Files</Filter>
    </ClInclude>
    <ClInclude Include="Build\src\ppmd\unppmdi1_internal.h">
      <Filter>Header Files</Filter>
    </ClInclude>
    <ClInclude Include="Build\src\ppmd\unppmdj1_internal.h">
      <Filter>Header Files</Filter>
    </ClInclude>
    <ClInclude Include="Build\src\szip\rice.h">
      <Filter>Header Files</Filter>
    </ClInclude>
    <ClInclude Include="Build\src\szip\ricehdf.h">
      <Filter>Header Files</Filter>
    </ClInclude>
    <ClInclude Include="Build\src\szip\szip_adpt.h">
      <Filter>Header Files</Filter>
    </ClInclude>
    <ClInclude Include="Build\src\szip\szlib.h">
      <Filter>Header Files</Filter>
    </ClInclude>
    <ClInclude Include="Build\src\tdcb\mn_incs.h">
      <Filter>Header Files</Filter>
    </ClInclude>
    <ClInclude Include="Build\src\zziplib\ac-common.h">
      <Filter>Header Files</Filter>
    </ClInclude>
    <ClInclude Include="Build\src\zziplib\global.h">
      <Filter>Header Files</Filter>
    </ClInclude>
    <ClInclude Include="Build\src\zziplib\zzip.h">
      <Filter>Header Files</Filter>
    </ClInclude>
    <ClInclude Include="Build\src\zziplib\zzlib.h">
      <Filter>Header Files</Filter>
    </ClInclude>
    <ClInclude Include="Build\src\calling_conventions.h">
      <Filter>Header Files</Filter>
    </ClInclude>
    <ClInclude Include="Build\src\myenc.h">
      <Filter>Header Files</Filter>
    </ClInclude>
    <ClInclude Include="Build\src\unz.h">
      <Filter>Header Files</Filter>
    </ClInclude>
  </ItemGroup>
</Project>