<?xml version="1.0" encoding="utf-8"?>
<Project ToolsVersion="4.0" xmlns="http://schemas.microsoft.com/developer/msbuild/2003">
  <ItemGroup>
    <Filter Include="Source Files">
      <UniqueIdentifier>{4FC737F1-C7A5-4376-A066-2A32D752A2FF}</UniqueIdentifier>
      <Extensions>cpp;c;cc;cxx;c++;cppm;ixx;def;odl;idl;hpj;bat;asm;asmx</Extensions>
    </Filter>
    <Filter Include="Header Files">
      <UniqueIdentifier>{93995380-89BD-4b04-88EB-625FBE52EBFB}</UniqueIdentifier>
      <Extensions>h;hh;hpp;hxx;h++;hm;inl;inc;ipp;xsd</Extensions>
    </Filter>
    <Filter Include="Resource Files">
      <UniqueIdentifier>{67DA6AB6-F800-4c08-8B7A-83BB121AAD01}</UniqueIdentifier>
      <Extensions>rc;ico;cur;bmp;dlg;rc2;rct;bin;rgs;gif;jpg;jpeg;jpe;resx;tiff;tif;png;wav;mfcribbon-ms</Extensions>
    </Filter>
    <Filter Include="Source Files\discord">
      <UniqueIdentifier>{297fe100-eb1d-473c-8537-1356baffaa09}</UniqueIdentifier>
    </Filter>
  </ItemGroup>
  <ItemGroup>
    <ClCompile Include="Source\Main.cpp">
      <Filter>Source Files</Filter>
    </ClCompile>
    <ClCompile Include="Source\stdafx.cpp">
      <Filter>Source Files</Filter>
    </ClCompile>
    <ClCompile Include="Source\Luna.cpp">
      <Filter>Source Files</Filter>
    </ClCompile>
    <ClCompile Include="Source\LunaApi\LunaIO\LunaIO.cpp">
      <Filter>Header Files</Filter>
    </ClCompile>
    <ClCompile Include="Source\LunaApi\LunaUtil\LunaUtil.cpp">
      <Filter>Header Files</Filter>
    </ClCompile>
    <ClCompile Include="Source\LunaApi\LunaStructs\LunaStructs.cpp">
      <Filter>Header Files</Filter>
    </ClCompile>
    <ClCompile Include="Source\LunaApi\LunaStructs\Color\Color.cpp">
      <Filter>Header Files</Filter>
    </ClCompile>
    <ClCompile Include="Source\LunaApi\LunaStructs\Pad\Pad.cpp">
      <Filter>Header Files</Filter>
    </ClCompile>
    <ClCompile Include="Source\LunaApi\LunaStructs\Rect\Rect.cpp">
      <Filter>Header Files</Filter>
    </ClCompile>
    <ClCompile Include="Source\LunaApi\LunaStructs\Vector2\Vector2.cpp">
      <Filter>Header Files</Filter>
    </ClCompile>
    <ClCompile Include="Source\LunaApi\LunaStructs\Vector3\Vector3.cpp">
      <Filter>Header Files</Filter>
    </ClCompile>
    <ClCompile Include="Source\LunaApi\LunaClass\LunaClass.cpp">
      <Filter>Header Files</Filter>
    </ClCompile>
    <ClCompile Include="Source\LunaApi\LunaClass\Classes\LawnAppClass.cpp">
      <Filter>Source Files</Filter>
    </ClCompile>
    <ClCompile Include="Source\LunaApi\LunaClass\Classes\SexyAppClass.cpp">
      <Filter>Source Files</Filter>
    </ClCompile>
    <ClCompile Include="Source\LunaApi\LunaClass\Classes\UIContainerClass.cpp">
      <Filter>Source Files</Filter>
    </ClCompile>
    <ClCompile Include="Source\LunaApi\LunaClass\Classes\LunaBase.cpp">
      <Filter>Source Files</Filter>
    </ClCompile>
    <ClCompile Include="Source\LunaApi\LunaClass\Classes\UIRootClass.cpp">
      <Filter>Source Files</Filter>
    </ClCompile>
    <ClCompile Include="Source\LunaApi\LunaEvent\LunaEvent.cpp">
      <Filter>Source Files</Filter>
    </ClCompile>
    <ClCompile Include="Source\LunaApi\LunaApi.cpp">
      <Filter>Source Files</Filter>
    </ClCompile>
    <ClCompile Include="Source\LunaApi\LunaClass\Classes\StoneButtonClass.cpp">
      <Filter>Source Files</Filter>
    </ClCompile>
    <ClCompile Include="Source\LunaApi\LunaClass\Classes\UIElementClass.cpp">
      <Filter>Source Files</Filter>
    </ClCompile>
    <ClCompile Include="Source\LunaApi\LunaClass\Classes\UIButtonClass.cpp">
      <Filter>Source Files</Filter>
    </ClCompile>
    <ClCompile Include="Source\LunaApi\LunaClass\Classes\ImageClass.cpp">
      <Filter>Source Files</Filter>
    </ClCompile>
    <ClCompile Include="Source\LunaApi\LunaClass\Classes\FontClass.cpp">
      <Filter>Source Files</Filter>
    </ClCompile>
    <ClCompile Include="Source\LunaUnpacker.cpp">
      <Filter>Source Files</Filter>
    </ClCompile>
    <ClCompile Include="Source\LunaApi\LunaClass\Classes\LunaLawn.cpp">
      <Filter>Source Files</Filter>
    </ClCompile>
    <ClCompile Include="Source\RichPresence.cpp">
      <Filter>Source Files</Filter>
    </ClCompile>
    <ClCompile Include="Source\Discord\achievement_manager.cpp">
      <Filter>Source Files</Filter>
    </ClCompile>
    <ClCompile Include="Source\Discord\activity_manager.cpp">
      <Filter>Source Files</Filter>
    </ClCompile>
    <ClCompile Include="Source\Discord\application_manager.cpp">
      <Filter>Source Files</Filter>
    </ClCompile>
    <ClCompile Include="Source\Discord\core.cpp">
      <Filter>Source Files</Filter>
    </ClCompile>
    <ClCompile Include="Source\Discord\image_manager.cpp">
      <Filter>Source Files</Filter>
    </ClCompile>
    <ClCompile Include="Source\Discord\lobby_manager.cpp">
      <Filter>Source Files</Filter>
    </ClCompile>
    <ClCompile Include="Source\Discord\network_manager.cpp">
      <Filter>Source Files</Filter>
    </ClCompile>
    <ClCompile Include="Source\Discord\overlay_manager.cpp">
      <Filter>Source Files</Filter>
    </ClCompile>
    <ClCompile Include="Source\Discord\relationship_manager.cpp">
      <Filter>Source Files</Filter>
    </ClCompile>
    <ClCompile Include="Source\Discord\storage_manager.cpp">
      <Filter>Source Files</Filter>
    </ClCompile>
    <ClCompile Include="Source\Discord\store_manager.cpp">
      <Filter>Source Files</Filter>
    </ClCompile>
    <ClCompile Include="Source\Discord\types.cpp">
      <Filter>Source Files</Filter>
    </ClCompile>
    <ClCompile Include="Source\Discord\user_manager.cpp">
      <Filter>Source Files</Filter>
    </ClCompile>
    <ClCompile Include="Source\Discord\voice_manager.cpp">
      <Filter>Source Files</Filter>
    </ClCompile>
    <ClCompile Include="Source\LunaApi\LunaClass\Classes\LunaPlant.cpp">
      <Filter>Source Files</Filter>
    </ClCompile>
    <ClCompile Include="Source\PvZ\DialogButton.cpp">
      <Filter>Source Files</Filter>
    </ClCompile>
    <ClCompile Include="Source\PvZ\Font.cpp">
      <Filter>Source Files</Filter>
    </ClCompile>
    <ClCompile Include="Source\PvZ\GridItem.cpp">
      <Filter>Source Files</Filter>
    </ClCompile>
    <ClCompile Include="Source\PvZ\Lawn.cpp">
      <Filter>Source Files</Filter>
    </ClCompile>
    <ClCompile Include="Source\PvZ\Pickup.cpp">
      <Filter>Source Files</Filter>
    </ClCompile>
    <ClCompile Include="Source\PvZ\Plant.cpp">
      <Filter>Source Files</Filter>
    </ClCompile>
    <ClCompile Include="Source\PvZ\UIElement.cpp">
      <Filter>Source Files</Filter>
    </ClCompile>
    <ClCompile Include="Source\PvZ\UIRoot.cpp">
      <Filter>Source Files</Filter>
    </ClCompile>
    <ClCompile Include="Source\PvZ\Zombie.cpp">
      <Filter>Source Files</Filter>
    </ClCompile>
  </ItemGroup>
  <ItemGroup>
    <ClInclude Include="Source\Enums\Enums.h">
      <Filter>Header Files</Filter>
    </ClInclude>
    <ClInclude Include="Source\Enums\GameModes.h">
      <Filter>Header Files</Filter>
    </ClInclude>
    <ClInclude Include="Source\Enums\GameResult.h">
      <Filter>Header Files</Filter>
    </ClInclude>
    <ClInclude Include="Source\Enums\GameScenes.h">
      <Filter>Header Files</Filter>
    </ClInclude>
    <ClInclude Include="Source\Luna\LunaClass\Classes\Sexy\UIContainer.h">
      <Filter>Header Files</Filter>
    </ClInclude>
    <ClInclude Include="Source\Luna\LunaClass\Classes\Sexy\UIRoot.h">
      <Filter>Header Files</Filter>
    </ClInclude>
    <ClInclude Include="Source\framework.h">
      <Filter>Header Files</Filter>
    </ClInclude>
    <ClInclude Include="Source\stdafx.h">
      <Filter>Header Files</Filter>
    </ClInclude>
    <ClInclude Include="Source\Luna.h">
      <Filter>Header Files</Filter>
    </ClInclude>
    <ClInclude Include="Source\LunaApi\LunaIO\LunaIO.h">
      <Filter>Header Files</Filter>
    </ClInclude>
    <ClInclude Include="Source\LunaApi\LunaUtil\LunaUtil.h">
      <Filter>Header Files</Filter>
    </ClInclude>
    <ClInclude Include="Source\LunaApi\LunaStructs\LunaStructs.h">
      <Filter>Header Files</Filter>
    </ClInclude>
    <ClInclude Include="Source\LunaApi\LunaStructs\Color\Color.h">
      <Filter>Header Files</Filter>
    </ClInclude>
    <ClInclude Include="Source\LunaApi\LunaStructs\Pad\Pad.h">
      <Filter>Header Files</Filter>
    </ClInclude>
    <ClInclude Include="Source\LunaApi\LunaStructs\Rect\Rect.h">
      <Filter>Header Files</Filter>
    </ClInclude>
    <ClInclude Include="Source\LunaApi\LunaStructs\Vector2\Vector2.h">
      <Filter>Header Files</Filter>
    </ClInclude>
    <ClInclude Include="Source\LunaApi\LunaStructs\Vector3\Vector3.h">
      <Filter>Header Files</Filter>
    </ClInclude>
    <ClInclude Include="Source\LunaApi\LunaClass\Classes\LawnAppClass.h">
      <Filter>Header Files</Filter>
    </ClInclude>
    <ClInclude Include="Source\LunaApi\LunaClass\Classes\SexyAppClass.h">
      <Filter>Header Files</Filter>
    </ClInclude>
    <ClInclude Include="Source\LunaApi\LunaClass\LunaClass.h">
      <Filter>Header Files</Filter>
    </ClInclude>
    <ClInclude Include="Source\LunaApi\LunaClass\Classes\UIContainerClass.h">
      <Filter>Header Files</Filter>
    </ClInclude>
    <ClInclude Include="Source\LunaApi\LunaClass\Classes\LunaBase.h">
      <Filter>Header Files</Filter>
    </ClInclude>
    <ClInclude Include="Source\LunaApi\LunaClass\Classes\UIRootClass.h">
      <Filter>Header Files</Filter>
    </ClInclude>
    <ClInclude Include="Source\Include\Luau\Ast.h">
      <Filter>Header Files</Filter>
    </ClInclude>
    <ClInclude Include="Source\Include\Luau\Bytecode.h">
      <Filter>Header Files</Filter>
    </ClInclude>
    <ClInclude Include="Source\Include\Luau\BytecodeBuilder.h">
      <Filter>Header Files</Filter>
    </ClInclude>
    <ClInclude Include="Source\Include\Luau\BytecodeUtils.h">
      <Filter>Header Files</Filter>
    </ClInclude>
    <ClInclude Include="Source\Include\Luau\Common.h">
      <Filter>Header Files</Filter>
    </ClInclude>
    <ClInclude Include="Source\Include\Luau\Compiler.h">
      <Filter>Header Files</Filter>
    </ClInclude>
    <ClInclude Include="Source\Include\Luau\Confusables.h">
      <Filter>Header Files</Filter>
    </ClInclude>
    <ClInclude Include="Source\Include\Luau\DenseHash.h">
      <Filter>Header Files</Filter>
    </ClInclude>
    <ClInclude Include="Source\Include\Luau\ExperimentalFlags.h">
      <Filter>Header Files</Filter>
    </ClInclude>
    <ClInclude Include="Source\Include\Luau\Lexer.h">
      <Filter>Header Files</Filter>
    </ClInclude>
    <ClInclude Include="Source\Include\Luau\Location.h">
      <Filter>Header Files</Filter>
    </ClInclude>
    <ClInclude Include="Source\Include\Luau\lua.h">
      <Filter>Header Files</Filter>
    </ClInclude>
    <ClInclude Include="Source\Include\Luau\luaconf.h">
      <Filter>Header Files</Filter>
    </ClInclude>
    <ClInclude Include="Source\Include\Luau\lualib.h">
      <Filter>Header Files</Filter>
    </ClInclude>
    <ClInclude Include="Source\Include\Luau\ParseOptions.h">
      <Filter>Header Files</Filter>
    </ClInclude>
    <ClInclude Include="Source\Include\Luau\Parser.h">
      <Filter>Header Files</Filter>
    </ClInclude>
    <ClInclude Include="Source\Include\Luau\ParseResult.h">
      <Filter>Header Files</Filter>
    </ClInclude>
    <ClInclude Include="Source\Include\Luau\StringUtils.h">
      <Filter>Header Files</Filter>
    </ClInclude>
    <ClInclude Include="Source\Include\Luau\TimeTrace.h">
      <Filter>Header Files</Filter>
    </ClInclude>
    <ClInclude Include="Source\LunaApi\LunaEvent\LunaEvent.h">
      <Filter>Header Files</Filter>
    </ClInclude>
    <ClInclude Include="Source\LunaApi\LunaApi.h">
      <Filter>Header Files</Filter>
    </ClInclude>
    <ClInclude Include="Source\LunaApi\LunaClass\Classes\StoneButtonClass.h">
      <Filter>Header Files</Filter>
    </ClInclude>
    <ClInclude Include="Source\LunaApi\LunaClass\Classes\UIElementClass.h">
      <Filter>Header Files</Filter>
    </ClInclude>
    <ClInclude Include="Source\LunaApi\LunaClass\Classes\FontClass.h">
      <Filter>Header Files</Filter>
    </ClInclude>
    <ClInclude Include="Source\LunaApi\LunaClass\Classes\ImageClass.h">
      <Filter>Header Files</Filter>
    </ClInclude>
    <ClInclude Include="Source\LunaApi\LunaClass\Classes\UIButtonClass.h">
      <Filter>Header Files</Filter>
    </ClInclude>
    <ClInclude Include="Source\LunaUnpacker.h">
      <Filter>Header Files</Filter>
    </ClInclude>
    <ClInclude Include="Source\LunaApi\LunaClass\Classes\LunaLawn.h">
      <Filter>Header Files</Filter>
    </ClInclude>
    <ClInclude Include="Source\RichPresence.h">
      <Filter>Header Files</Filter>
    </ClInclude>
    <ClInclude Include="Source\Discord\achievement_manager.h">
      <Filter>Header Files</Filter>
    </ClInclude>
    <ClInclude Include="Source\Discord\activity_manager.h">
      <Filter>Header Files</Filter>
    </ClInclude>
    <ClInclude Include="Source\Discord\application_manager.h">
      <Filter>Header Files</Filter>
    </ClInclude>
    <ClInclude Include="Source\Discord\core.h">
      <Filter>Header Files</Filter>
    </ClInclude>
    <ClInclude Include="Source\Discord\discord.h">
      <Filter>Header Files</Filter>
    </ClInclude>
    <ClInclude Include="Source\Discord\event.h">
      <Filter>Header Files</Filter>
    </ClInclude>
    <ClInclude Include="Source\Discord\ffi.h">
      <Filter>Header Files</Filter>
    </ClInclude>
    <ClInclude Include="Source\Discord\image_manager.h">
      <Filter>Header Files</Filter>
    </ClInclude>
    <ClInclude Include="Source\Discord\lobby_manager.h">
      <Filter>Header Files</Filter>
    </ClInclude>
    <ClInclude Include="Source\Discord\network_manager.h">
      <Filter>Header Files</Filter>
    </ClInclude>
    <ClInclude Include="Source\Discord\overlay_manager.h">
      <Filter>Header Files</Filter>
    </ClInclude>
    <ClInclude Include="Source\Discord\relationship_manager.h">
      <Filter>Header Files</Filter>
    </ClInclude>
    <ClInclude Include="Source\Discord\storage_manager.h">
      <Filter>Header Files</Filter>
    </ClInclude>
    <ClInclude Include="Source\Discord\store_manager.h">
      <Filter>Header Files</Filter>
    </ClInclude>
    <ClInclude Include="Source\Discord\types.h">
      <Filter>Header Files</Filter>
    </ClInclude>
    <ClInclude Include="Source\Discord\user_manager.h">
      <Filter>Header Files</Filter>
    </ClInclude>
    <ClInclude Include="Source\Discord\voice_manager.h">
      <Filter>Header Files</Filter>
    </ClInclude>
    <ClInclude Include="Source\LunaApi\LunaClass\Classes\LunaPlant.h">
      <Filter>Header Files</Filter>
    </ClInclude>
    <ClInclude Include="Source\PvZ\ButtonListener.h">
      <Filter>Header Files</Filter>
    </ClInclude>
    <ClInclude Include="Source\PvZ\DataArray.h">
      <Filter>Header Files</Filter>
    </ClInclude>
    <ClInclude Include="Source\PvZ\Definitions.h">
      <Filter>Header Files</Filter>
    </ClInclude>
    <ClInclude Include="Source\PvZ\DialogButton.h">
      <Filter>Header Files</Filter>
    </ClInclude>
    <ClInclude Include="Source\PvZ\Font.h">
      <Filter>Header Files</Filter>
    </ClInclude>
    <ClInclude Include="Source\PvZ\Graphics.h">
      <Filter>Header Files</Filter>
    </ClInclude>
    <ClInclude Include="Source\PvZ\GridItem.h">
      <Filter>Header Files</Filter>
    </ClInclude>
    <ClInclude Include="Source\PvZ\Image.h">
      <Filter>Header Files</Filter>
    </ClInclude>
    <ClInclude Include="Source\PvZ\Lawn.h">
      <Filter>Header Files</Filter>
    </ClInclude>
    <ClInclude Include="Source\PvZ\LawnApp.h">
      <Filter>Header Files</Filter>
    </ClInclude>
    <ClInclude Include="Source\PvZ\LawnMower.h">
      <Filter>Header Files</Filter>
    </ClInclude>
    <ClInclude Include="Source\PvZ\Pickup.h">
      <Filter>Header Files</Filter>
    </ClInclude>
    <ClInclude Include="Source\PvZ\Plant.h">
      <Filter>Header Files</Filter>
    </ClInclude>
    <ClInclude Include="Source\PvZ\PottedPlant.h">
      <Filter>Header Files</Filter>
    </ClInclude>
    <ClInclude Include="Source\PvZ\PreModalInfo.h">
      <Filter>Header Files</Filter>
    </ClInclude>
    <ClInclude Include="Source\PvZ\Projectile.h">
      <Filter>Header Files</Filter>
    </ClInclude>
    <ClInclude Include="Source\PvZ\Reanimation.h">
      <Filter>Header Files</Filter>
    </ClInclude>
    <ClInclude Include="Source\PvZ\Resources.h">
      <Filter>Header Files</Filter>
    </ClInclude>
    <ClInclude Include="Source\PvZ\UIButton.h">
      <Filter>Header Files</Filter>
    </ClInclude>
    <ClInclude Include="Source\PvZ\UIElement.h">
      <Filter>Header Files</Filter>
    </ClInclude>
    <ClInclude Include="Source\PvZ\UIRoot.h">
      <Filter>Header Files</Filter>
    </ClInclude>
    <ClInclude Include="Source\PvZ\Zombie.h">
      <Filter>Header Files</Filter>
    </ClInclude>
  </ItemGroup>
</Project>